// !$*UTF8*$!
{
	archiveVersion = 1;
	classes = {
	};
	objectVersion = 46;
	objects = {

/* Begin PBXBuildFile section */
		F393F09F1C6369D1000CE435 /* main.swift in Sources */ = {isa = PBXBuildFile; fileRef = F393F09E1C6369D1000CE435 /* main.swift */; };
		F393F0A71C636F78000CE435 /* Xliff2CsvParser.swift in Sources */ = {isa = PBXBuildFile; fileRef = F393F0A61C636F78000CE435 /* Xliff2CsvParser.swift */; };
/* End PBXBuildFile section */

/* Begin PBXCopyFilesBuildPhase section */
		F393F0991C6369D1000CE435 /* CopyFiles */ = {
			isa = PBXCopyFilesBuildPhase;
			buildActionMask = 2147483647;
			dstPath = /usr/share/man/man1/;
			dstSubfolderSpec = 0;
			files = (
			);
			runOnlyForDeploymentPostprocessing = 1;
		};
/* End PBXCopyFilesBuildPhase section */

/* Begin PBXFileReference section */
		F393F09B1C6369D1000CE435 /* xliff2csv */ = {isa = PBXFileReference; explicitFileType = "compiled.mach-o.executable"; includeInIndex = 0; path = xliff2csv; sourceTree = BUILT_PRODUCTS_DIR; };
		F393F09E1C6369D1000CE435 /* main.swift */ = {isa = PBXFileReference; lastKnownFileType = sourcecode.swift; path = main.swift; sourceTree = "<group>"; };
		F393F0A51C636BE1000CE435 /* nb.xliff */ = {isa = PBXFileReference; lastKnownFileType = text.xml; path = nb.xliff; sourceTree = "<group>"; };
		F393F0A61C636F78000CE435 /* Xliff2CsvParser.swift */ = {isa = PBXFileReference; fileEncoding = 4; lastKnownFileType = sourcecode.swift; path = Xliff2CsvParser.swift; sourceTree = "<group>"; };
/* End PBXFileReference section */

/* Begin PBXFrameworksBuildPhase section */
		F393F0981C6369D1000CE435 /* Frameworks */ = {
			isa = PBXFrameworksBuildPhase;
			buildActionMask = 2147483647;
			files = (
			);
			runOnlyForDeploymentPostprocessing = 0;
		};
/* End PBXFrameworksBuildPhase section */

/* Begin PBXGroup section */
		F393F0921C6369D1000CE435 = {
			isa = PBXGroup;
			children = (
				F393F09D1C6369D1000CE435 /* xliff2csv */,
				F393F09C1C6369D1000CE435 /* Products */,
				F393F0A51C636BE1000CE435 /* nb.xliff */,
			);
			sourceTree = "<group>";
		};
		F393F09C1C6369D1000CE435 /* Products */ = {
			isa = PBXGroup;
			children = (
				F393F09B1C6369D1000CE435 /* xliff2csv */,
			);
			name = Products;
			sourceTree = "<group>";
		};
		F393F09D1C6369D1000CE435 /* xliff2csv */ = {
			isa = PBXGroup;
			children = (
				F393F09E1C6369D1000CE435 /* main.swift */,
				F393F0A61C636F78000CE435 /* Xliff2CsvParser.swift */,
			);
			path = xliff2csv;
			sourceTree = "<group>";
		};
/* End PBXGroup section */

/* Begin PBXNativeTarget section */
		F393F09A1C6369D1000CE435 /* xliff2csv */ = {
			isa = PBXNativeTarget;
			buildConfigurationList = F393F0A21C6369D1000CE435 /* Build configuration list for PBXNativeTarget "xliff2csv" */;
			buildPhases = (
				F393F0971C6369D1000CE435 /* Sources */,
				F393F0981C6369D1000CE435 /* Frameworks */,
				F393F0991C6369D1000CE435 /* CopyFiles */,
			);
			buildRules = (
			);
			dependencies = (
			);
			name = xliff2csv;
			productName = xliff2csv;
			productReference = F393F09B1C6369D1000CE435 /* xliff2csv */;
			productType = "com.apple.product-type.tool";
		};
/* End PBXNativeTarget section */

/* Begin PBXProject section */
		F393F0931C6369D1000CE435 /* Project object */ = {
			isa = PBXProject;
			attributes = {
				LastSwiftUpdateCheck = 0720;
				LastUpgradeCheck = 0720;
				ORGANIZATIONNAME = Startsiden;
				TargetAttributes = {
					F393F09A1C6369D1000CE435 = {
						CreatedOnToolsVersion = 7.2.1;
					};
				};
			};
			buildConfigurationList = F393F0961C6369D1000CE435 /* Build configuration list for PBXProject "xliff2csv" */;
			compatibilityVersion = "Xcode 3.2";
			developmentRegion = English;
			hasScannedForEncodings = 0;
			knownRegions = (
				en,
			);
			mainGroup = F393F0921C6369D1000CE435;
			productRefGroup = F393F09C1C6369D1000CE435 /* Products */;
			projectDirPath = "";
			projectRoot = "";
			targets = (
				F393F09A1C6369D1000CE435 /* xliff2csv */,
			);
		};
/* End PBXProject section */

/* Begin PBXSourcesBuildPhase section */
		F393F0971C6369D1000CE435 /* Sources */ = {
			isa = PBXSourcesBuildPhase;
			buildActionMask = 2147483647;
			files = (
				F393F0A71C636F78000CE435 /* Xliff2CsvParser.swift in Sources */,
				F393F09F1C6369D1000CE435 /* main.swift in Sources */,
			);
			runOnlyForDeploymentPostprocessing = 0;
		};
/* End PBXSourcesBuildPhase section */

/* Begin XCBuildConfiguration section */
		F393F0A01C6369D1000CE435 /* Debug */ = {
			isa = XCBuildConfiguration;
			buildSettings = {
				ALWAYS_SEARCH_USER_PATHS = NO;
				CLANG_CXX_LANGUAGE_STANDARD = "gnu++0x";
				CLANG_CXX_LIBRARY = "libc++";
				CLANG_ENABLE_MODULES = YES;
				CLANG_ENABLE_OBJC_ARC = YES;
				CLANG_WARN_BOOL_CONVERSION = YES;
				CLANG_WARN_CONSTANT_CONVERSION = YES;
				CLANG_WARN_DIRECT_OBJC_ISA_USAGE = YES_ERROR;
				CLANG_WARN_EMPTY_BODY = YES;
				CLANG_WARN_ENUM_CONVERSION = YES;
				CLANG_WARN_INT_CONVERSION = YES;
				CLANG_WARN_OBJC_ROOT_CLASS = YES_ERROR;
				CLANG_WARN_UNREACHABLE_CODE = YES;
				CLANG_WARN__DUPLICATE_METHOD_MATCH = YES;
				CODE_SIGN_IDENTITY = "-";
				COPY_PHASE_STRIP = NO;
				DEBUG_INFORMATION_FORMAT = dwarf;
				ENABLE_STRICT_OBJC_MSGSEND = YES;
				ENABLE_TESTABILITY = YES;
				GCC_C_LANGUAGE_STANDARD = gnu99;
				GCC_DYNAMIC_NO_PIC = NO;
				GCC_NO_COMMON_BLOCKS = YES;
				GCC_OPTIMIZATION_LEVEL = 0;
				GCC_PREPROCESSOR_DEFINITIONS = (
					"DEBUG=1",
					"$(inherited)",
				);
				GCC_WARN_64_TO_32_BIT_CONVERSION = YES;
				GCC_WARN_ABOUT_RETURN_TYPE = YES_ERROR;
				GCC_WARN_UNDECLARED_SELECTOR = YES;
				GCC_WARN_UNINITIALIZED_AUTOS = YES_AGGRESSIVE;
				GCC_WARN_UNUSED_FUNCTION = YES;
				GCC_WARN_UNUSED_VARIABLE = YES;
				MACOSX_DEPLOYMENT_TARGET = 10.11;
				MTL_ENABLE_DEBUG_INFO = YES;
				ONLY_ACTIVE_ARCH = YES;
				SDKROOT = macosx;
				SWIFT_OPTIMIZATION_LEVEL = "-Onone";
			};
			name = Debug;
		};
		F393F0A11C6369D1000CE435 /* Release */ = {
			isa = XCBuildConfiguration;
			buildSettings = {
				ALWAYS_SEARCH_USER_PATHS = NO;
				CLANG_CXX_LANGUAGE_STANDARD = "gnu++0x";
				CLANG_CXX_LIBRARY = "libc++";
				CLANG_ENABLE_MODULES = YES;
				CLANG_ENABLE_OBJC_ARC = YES;
				CLANG_WARN_BOOL_CONVERSION = YES;
				CLANG_WARN_CONSTANT_CONVERSION = YES;
				CLANG_WARN_DIRECT_OBJC_ISA_USAGE = YES_ERROR;
				CLANG_WARN_EMPTY_BODY = YES;
				CLANG_WARN_ENUM_CONVERSION = YES;
				CLANG_WARN_INT_CONVERSION = YES;
				CLANG_WARN_OBJC_ROOT_CLASS = YES_ERROR;
				CLANG_WARN_UNREACHABLE_CODE = YES;
				CLANG_WARN__DUPLICATE_METHOD_MATCH = YES;
				CODE_SIGN_IDENTITY = "-";
				COPY_PHASE_STRIP = NO;
				DEBUG_INFORMATION_FORMAT = "dwarf-with-dsym";
				ENABLE_NS_ASSERTIONS = NO;
				ENABLE_STRICT_OBJC_MSGSEND = YES;
				GCC_C_LANGUAGE_STANDARD = gnu99;
				GCC_NO_COMMON_BLOCKS = YES;
				GCC_WARN_64_TO_32_BIT_CONVERSION = YES;
				GCC_WARN_ABOUT_RETURN_TYPE = YES_ERROR;
				GCC_WARN_UNDECLARED_SELECTOR = YES;
				GCC_WARN_UNINITIALIZED_AUTOS = YES_AGGRESSIVE;
				GCC_WARN_UNUSED_FUNCTION = YES;
				GCC_WARN_UNUSED_VARIABLE = YES;
				MACOSX_DEPLOYMENT_TARGET = 10.11;
				MTL_ENABLE_DEBUG_INFO = NO;
				SDKROOT = macosx;
			};
			name = Release;
		};
		F393F0A31C6369D1000CE435 /* Debug */ = {
			isa = XCBuildConfiguration;
			buildSettings = {
				PRODUCT_NAME = "$(TARGET_NAME)";
			};
			name = Debug;
		};
		F393F0A41C6369D1000CE435 /* Release */ = {
			isa = XCBuildConfiguration;
			buildSettings = {
				PRODUCT_NAME = "$(TARGET_NAME)";
			};
			name = Release;
		};
/* End XCBuildConfiguration section */

/* Begin XCConfigurationList section */
		F393F0961C6369D1000CE435 /* Build configuration list for PBXProject "xliff2csv" */ = {
			isa = XCConfigurationList;
			buildConfigurations = (
				F393F0A01C6369D1000CE435 /* Debug */,
				F393F0A11C6369D1000CE435 /* Release */,
			);
			defaultConfigurationIsVisible = 0;
			defaultConfigurationName = Release;
		};
		F393F0A21C6369D1000CE435 /* Build configuration list for PBXNativeTarget "xliff2csv" */ = {
			isa = XCConfigurationList;
			buildConfigurations = (
				F393F0A31C6369D1000CE435 /* Debug */,
				F393F0A41C6369D1000CE435 /* Release */,
			);
			defaultConfigurationIsVisible = 0;
		};
/* End XCConfigurationList section */
	};
	rootObject = F393F0931C6369D1000CE435 /* Project object */;
}
